
Microsoft Visual Studio Solution File, Format Version 12.00
# Visual Studio Version 17
VisualStudioVersion = 17.8.34330.188
MinimumVisualStudioVersion = 10.0.40219.1
Project("{FAE04EC0-301F-11D3-BF4B-00C04F79EFBC}") = "COMPILADOR", "COMPILADOR\COMPILADOR.csproj", "{262991BD-8140-4489-BC09-BDA2DB44CDE5}"
EndProject
Global
	GlobalSection(SolutionConfigurationPlatforms) = preSolution
		Debug|Any CPU = Debug|Any CPU
		Release|Any CPU = Release|Any CPU
	EndGlobalSection
	GlobalSection(ProjectConfigurationPlatforms) = postSolution
		{262991BD-8140-4489-BC09-BDA2DB44CDE5}.Debug|Any CPU.ActiveCfg = Debug|Any CPU
		{262991BD-8140-4489-BC09-BDA2DB44CDE5}.Debug|Any CPU.Build.0 = Debug|Any CPU
		{262991BD-8140-4489-BC09-BDA2DB44CDE5}.Release|Any CPU.ActiveCfg = Release|Any CPU
		{262991BD-8140-4489-BC09-BDA2DB44CDE5}.Release|Any CPU.Build.0 = Release|Any CPU
	EndGlobalSection
	GlobalSection(SolutionProperties) = preSolution
		HideSolutionNode = FALSE
	EndGlobalSection
	GlobalSection(ExtensibilityGlobals) = postSolution
		SolutionGuid = {8912C4E8-C116-45F7-BB37-8AECFD6EF29C}
	EndGlobalSection
EndGlobal
